// !$*UTF8*$!
{
	archiveVersion = 1;
	classes = {
	};
	objectVersion = 46;
	objects = {

/* Begin PBXBuildFile section */
		05511BBE1E4955F800F3BE90 /* SegueFacdeSlide.swift in Sources */ = {isa = PBXBuildFile; fileRef = 05511BBD1E4955F800F3BE90 /* SegueFacdeSlide.swift */; };
		05DB71541E1EBD3C00781665 /* AppDelegate.swift in Sources */ = {isa = PBXBuildFile; fileRef = 05DB71531E1EBD3C00781665 /* AppDelegate.swift */; };
		05DB71561E1EBD3C00781665 /* AppViewController.swift in Sources */ = {isa = PBXBuildFile; fileRef = 05DB71551E1EBD3C00781665 /* AppViewController.swift */; };
		05DB71581E1EBD3C00781665 /* Assets.xcassets in Resources */ = {isa = PBXBuildFile; fileRef = 05DB71571E1EBD3C00781665 /* Assets.xcassets */; };
		05DB715B1E1EBD3C00781665 /* Main.storyboard in Resources */ = {isa = PBXBuildFile; fileRef = 05DB71591E1EBD3C00781665 /* Main.storyboard */; };
		05DB71661E1EBD3C00781665 /* CustomSegueExampleTests.swift in Sources */ = {isa = PBXBuildFile; fileRef = 05DB71651E1EBD3C00781665 /* CustomSegueExampleTests.swift */; };
		05DB71711E1EBD3C00781665 /* CustomSegueExampleUITests.swift in Sources */ = {isa = PBXBuildFile; fileRef = 05DB71701E1EBD3C00781665 /* CustomSegueExampleUITests.swift */; };
		05DB717F1E1EBEC500781665 /* AppWindowController.swift in Sources */ = {isa = PBXBuildFile; fileRef = 05DB717E1E1EBEC500781665 /* AppWindowController.swift */; };
/* End PBXBuildFile section */

/* Begin PBXContainerItemProxy section */
		05DB71621E1EBD3C00781665 /* PBXContainerItemProxy */ = {
			isa = PBXContainerItemProxy;
			containerPortal = 05DB71481E1EBD3C00781665 /* Project object */;
			proxyType = 1;
			remoteGlobalIDString = 05DB714F1E1EBD3C00781665;
			remoteInfo = CustomSegueExample;
		};
		05DB716D1E1EBD3C00781665 /* PBXContainerItemProxy */ = {
			isa = PBXContainerItemProxy;
			containerPortal = 05DB71481E1EBD3C00781665 /* Project object */;
			proxyType = 1;
			remoteGlobalIDString = 05DB714F1E1EBD3C00781665;
			remoteInfo = CustomSegueExample;
		};
/* End PBXContainerItemProxy section */

/* Begin PBXFileReference section */
		05511BBD1E4955F800F3BE90 /* SegueFacdeSlide.swift */ = {isa = PBXFileReference; fileEncoding = 4; lastKnownFileType = sourcecode.swift; path = SegueFacdeSlide.swift; sourceTree = "<group>"; };
		05DB71501E1EBD3C00781665 /* CustomSegueExample.app */ = {isa = PBXFileReference; explicitFileType = wrapper.application; includeInIndex = 0; path = CustomSegueExample.app; sourceTree = BUILT_PRODUCTS_DIR; };
		05DB71531E1EBD3C00781665 /* AppDelegate.swift */ = {isa = PBXFileReference; lastKnownFileType = sourcecode.swift; path = AppDelegate.swift; sourceTree = "<group>"; };
		05DB71551E1EBD3C00781665 /* AppViewController.swift */ = {isa = PBXFileReference; lastKnownFileType = sourcecode.swift; path = AppViewController.swift; sourceTree = "<group>"; };
		05DB71571E1EBD3C00781665 /* Assets.xcassets */ = {isa = PBXFileReference; lastKnownFileType = folder.assetcatalog; path = Assets.xcassets; sourceTree = "<group>"; };
		05DB715A1E1EBD3C00781665 /* Base */ = {isa = PBXFileReference; lastKnownFileType = file.storyboard; name = Base; path = Base.lproj/Main.storyboard; sourceTree = "<group>"; };
		05DB715C1E1EBD3C00781665 /* Info.plist */ = {isa = PBXFileReference; lastKnownFileType = text.plist.xml; path = Info.plist; sourceTree = "<group>"; };
		05DB71611E1EBD3C00781665 /* CustomSegueExampleTests.xctest */ = {isa = PBXFileReference; explicitFileType = wrapper.cfbundle; includeInIndex = 0; path = CustomSegueExampleTests.xctest; sourceTree = BUILT_PRODUCTS_DIR; };
		05DB71651E1EBD3C00781665 /* CustomSegueExampleTests.swift */ = {isa = PBXFileReference; lastKnownFileType = sourcecode.swift; path = CustomSegueExampleTests.swift; sourceTree = "<group>"; };
		05DB71671E1EBD3C00781665 /* Info.plist */ = {isa = PBXFileReference; lastKnownFileType = text.plist.xml; path = Info.plist; sourceTree = "<group>"; };
		05DB716C1E1EBD3C00781665 /* CustomSegueExampleUITests.xctest */ = {isa = PBXFileReference; explicitFileType = wrapper.cfbundle; includeInIndex = 0; path = CustomSegueExampleUITests.xctest; sourceTree = BUILT_PRODUCTS_DIR; };
		05DB71701E1EBD3C00781665 /* CustomSegueExampleUITests.swift */ = {isa = PBXFileReference; lastKnownFileType = sourcecode.swift; path = CustomSegueExampleUITests.swift; sourceTree = "<group>"; };
		05DB71721E1EBD3C00781665 /* Info.plist */ = {isa = PBXFileReference; lastKnownFileType = text.plist.xml; path = Info.plist; sourceTree = "<group>"; };
		05DB717E1E1EBEC500781665 /* AppWindowController.swift */ = {isa = PBXFileReference; fileEncoding = 4; lastKnownFileType = sourcecode.swift; path = AppWindowController.swift; sourceTree = "<group>"; };
/* End PBXFileReference section */

/* Begin PBXFrameworksBuildPhase section */
		05DB714D1E1EBD3C00781665 /* Frameworks */ = {
			isa = PBXFrameworksBuildPhase;
			buildActionMask = 2147483647;
			files = (
			);
			runOnlyForDeploymentPostprocessing = 0;
		};
		05DB715E1E1EBD3C00781665 /* Frameworks */ = {
			isa = PBXFrameworksBuildPhase;
			buildActionMask = 2147483647;
			files = (
			);
			runOnlyForDeploymentPostprocessing = 0;
		};
		05DB71691E1EBD3C00781665 /* Frameworks */ = {
			isa = PBXFrameworksBuildPhase;
			buildActionMask = 2147483647;
			files = (
			);
			runOnlyForDeploymentPostprocessing = 0;
		};
/* End PBXFrameworksBuildPhase section */

/* Begin PBXGroup section */
		05DB71471E1EBD3C00781665 = {
			isa = PBXGroup;
			children = (
				05DB71521E1EBD3C00781665 /* CustomSegueExample */,
				05DB71641E1EBD3C00781665 /* CustomSegueExampleTests */,
				05DB716F1E1EBD3C00781665 /* CustomSegueExampleUITests */,
				05DB71511E1EBD3C00781665 /* Products */,
			);
			sourceTree = "<group>";
		};
		05DB71511E1EBD3C00781665 /* Products */ = {
			isa = PBXGroup;
			children = (
				05DB71501E1EBD3C00781665 /* CustomSegueExample.app */,
				05DB71611E1EBD3C00781665 /* CustomSegueExampleTests.xctest */,
				05DB716C1E1EBD3C00781665 /* CustomSegueExampleUITests.xctest */,
			);
			name = Products;
			sourceTree = "<group>";
		};
		05DB71521E1EBD3C00781665 /* CustomSegueExample */ = {
			isa = PBXGroup;
			children = (
				05DB71531E1EBD3C00781665 /* AppDelegate.swift */,
				05DB717E1E1EBEC500781665 /* AppWindowController.swift */,
				05DB71551E1EBD3C00781665 /* AppViewController.swift */,
				05511BBD1E4955F800F3BE90 /* SegueFacdeSlide.swift */,
				05DB71571E1EBD3C00781665 /* Assets.xcassets */,
				05DB71591E1EBD3C00781665 /* Main.storyboard */,
				05DB715C1E1EBD3C00781665 /* Info.plist */,
			);
			path = CustomSegueExample;
			sourceTree = "<group>";
		};
		05DB71641E1EBD3C00781665 /* CustomSegueExampleTests */ = {
			isa = PBXGroup;
			children = (
				05DB71651E1EBD3C00781665 /* CustomSegueExampleTests.swift */,
				05DB71671E1EBD3C00781665 /* Info.plist */,
			);
			path = CustomSegueExampleTests;
			sourceTree = "<group>";
		};
		05DB716F1E1EBD3C00781665 /* CustomSegueExampleUITests */ = {
			isa = PBXGroup;
			children = (
				05DB71701E1EBD3C00781665 /* CustomSegueExampleUITests.swift */,
				05DB71721E1EBD3C00781665 /* Info.plist */,
			);
			path = CustomSegueExampleUITests;
			sourceTree = "<group>";
		};
/* End PBXGroup section */

/* Begin PBXNativeTarget section */
		05DB714F1E1EBD3C00781665 /* CustomSegueExample */ = {
			isa = PBXNativeTarget;
			buildConfigurationList = 05DB71751E1EBD3C00781665 /* Build configuration list for PBXNativeTarget "CustomSegueExample" */;
			buildPhases = (
				05DB714C1E1EBD3C00781665 /* Sources */,
				05DB714D1E1EBD3C00781665 /* Frameworks */,
				05DB714E1E1EBD3C00781665 /* Resources */,
			);
			buildRules = (
			);
			dependencies = (
			);
			name = CustomSegueExample;
			productName = CustomSegueExample;
			productReference = 05DB71501E1EBD3C00781665 /* CustomSegueExample.app */;
			productType = "com.apple.product-type.application";
		};
		05DB71601E1EBD3C00781665 /* CustomSegueExampleTests */ = {
			isa = PBXNativeTarget;
			buildConfigurationList = 05DB71781E1EBD3C00781665 /* Build configuration list for PBXNativeTarget "CustomSegueExampleTests" */;
			buildPhases = (
				05DB715D1E1EBD3C00781665 /* Sources */,
				05DB715E1E1EBD3C00781665 /* Frameworks */,
				05DB715F1E1EBD3C00781665 /* Resources */,
			);
			buildRules = (
			);
			dependencies = (
				05DB71631E1EBD3C00781665 /* PBXTargetDependency */,
			);
			name = CustomSegueExampleTests;
			productName = CustomSegueExampleTests;
			productReference = 05DB71611E1EBD3C00781665 /* CustomSegueExampleTests.xctest */;
			productType = "com.apple.product-type.bundle.unit-test";
		};
		05DB716B1E1EBD3C00781665 /* CustomSegueExampleUITests */ = {
			isa = PBXNativeTarget;
			buildConfigurationList = 05DB717B1E1EBD3C00781665 /* Build configuration list for PBXNativeTarget "CustomSegueExampleUITests" */;
			buildPhases = (
				05DB71681E1EBD3C00781665 /* Sources */,
				05DB71691E1EBD3C00781665 /* Frameworks */,
				05DB716A1E1EBD3C00781665 /* Resources */,
			);
			buildRules = (
			);
			dependencies = (
				05DB716E1E1EBD3C00781665 /* PBXTargetDependency */,
			);
			name = CustomSegueExampleUITests;
			productName = CustomSegueExampleUITests;
			productReference = 05DB716C1E1EBD3C00781665 /* CustomSegueExampleUITests.xctest */;
			productType = "com.apple.product-type.bundle.ui-testing";
		};
/* End PBXNativeTarget section */

/* Begin PBXProject section */
		05DB71481E1EBD3C00781665 /* Project object */ = {
			isa = PBXProject;
			attributes = {
				LastSwiftUpdateCheck = 0820;
				LastUpgradeCheck = 0820;
				ORGANIZATIONNAME = "구봉회";
				TargetAttributes = {
					05DB714F1E1EBD3C00781665 = {
						CreatedOnToolsVersion = 8.2.1;
						ProvisioningStyle = Automatic;
					};
					05DB71601E1EBD3C00781665 = {
						CreatedOnToolsVersion = 8.2.1;
						ProvisioningStyle = Automatic;
						TestTargetID = 05DB714F1E1EBD3C00781665;
					};
					05DB716B1E1EBD3C00781665 = {
						CreatedOnToolsVersion = 8.2.1;
						ProvisioningStyle = Automatic;
						TestTargetID = 05DB714F1E1EBD3C00781665;
					};
				};
			};
			buildConfigurationList = 05DB714B1E1EBD3C00781665 /* Build configuration list for PBXProject "CustomSegueExample" */;
			compatibilityVersion = "Xcode 3.2";
			developmentRegion = English;
			hasScannedForEncodings = 0;
			knownRegions = (
				en,
				Base,
			);
			mainGroup = 05DB71471E1EBD3C00781665;
			productRefGroup = 05DB71511E1EBD3C00781665 /* Products */;
			projectDirPath = "";
			projectRoot = "";
			targets = (
				05DB714F1E1EBD3C00781665 /* CustomSegueExample */,
				05DB71601E1EBD3C00781665 /* CustomSegueExampleTests */,
				05DB716B1E1EBD3C00781665 /* CustomSegueExampleUITests */,
			);
		};
/* End PBXProject section */

/* Begin PBXResourcesBuildPhase section */
		05DB714E1E1EBD3C00781665 /* Resources */ = {
			isa = PBXResourcesBuildPhase;
			buildActionMask = 2147483647;
			files = (
				05DB71581E1EBD3C00781665 /* Assets.xcassets in Resources */,
				05DB715B1E1EBD3C00781665 /* Main.storyboard in Resources */,
			);
			runOnlyForDeploymentPostprocessing = 0;
		};
		05DB715F1E1EBD3C00781665 /* Resources */ = {
			isa = PBXResourcesBuildPhase;
			buildActionMask = 2147483647;
			files = (
			);
			runOnlyForDeploymentPostprocessing = 0;
		};
		05DB716A1E1EBD3C00781665 /* Resources */ = {
			isa = PBXResourcesBuildPhase;
			buildActionMask = 2147483647;
			files = (
			);
			runOnlyForDeploymentPostprocessing = 0;
		};
/* End PBXResourcesBuildPhase section */

/* Begin PBXSourcesBuildPhase section */
		05DB714C1E1EBD3C00781665 /* Sources */ = {
			isa = PBXSourcesBuildPhase;
			buildActionMask = 2147483647;
			files = (
				05DB71561E1EBD3C00781665 /* AppViewController.swift in Sources */,
				05511BBE1E4955F800F3BE90 /* SegueFacdeSlide.swift in Sources */,
				05DB717F1E1EBEC500781665 /* AppWindowController.swift in Sources */,
				05DB71541E1EBD3C00781665 /* AppDelegate.swift in Sources */,
			);
			runOnlyForDeploymentPostprocessing = 0;
		};
		05DB715D1E1EBD3C00781665 /* Sources */ = {
			isa = PBXSourcesBuildPhase;
			buildActionMask = 2147483647;
			files = (
				05DB71661E1EBD3C00781665 /* CustomSegueExampleTests.swift in Sources */,
			);
			runOnlyForDeploymentPostprocessing = 0;
		};
		05DB71681E1EBD3C00781665 /* Sources */ = {
			isa = PBXSourcesBuildPhase;
			buildActionMask = 2147483647;
			files = (
				05DB71711E1EBD3C00781665 /* CustomSegueExampleUITests.swift in Sources */,
			);
			runOnlyForDeploymentPostprocessing = 0;
		};
/* End PBXSourcesBuildPhase section */

/* Begin PBXTargetDependency section */
		05DB71631E1EBD3C00781665 /* PBXTargetDependency */ = {
			isa = PBXTargetDependency;
			target = 05DB714F1E1EBD3C00781665 /* CustomSegueExample */;
			targetProxy = 05DB71621E1EBD3C00781665 /* PBXContainerItemProxy */;
		};
		05DB716E1E1EBD3C00781665 /* PBXTargetDependency */ = {
			isa = PBXTargetDependency;
			target = 05DB714F1E1EBD3C00781665 /* CustomSegueExample */;
			targetProxy = 05DB716D1E1EBD3C00781665 /* PBXContainerItemProxy */;
		};
/* End PBXTargetDependency section */

/* Begin PBXVariantGroup section */
		05DB71591E1EBD3C00781665 /* Main.storyboard */ = {
			isa = PBXVariantGroup;
			children = (
				05DB715A1E1EBD3C00781665 /* Base */,
			);
			name = Main.storyboard;
			sourceTree = "<group>";
		};
/* End PBXVariantGroup section */

/* Begin XCBuildConfiguration section */
		05DB71731E1EBD3C00781665 /* Debug */ = {
			isa = XCBuildConfiguration;
			buildSettings = {
				ALWAYS_SEARCH_USER_PATHS = NO;
				CLANG_ANALYZER_NONNULL = YES;
				CLANG_CXX_LANGUAGE_STANDARD = "gnu++0x";
				CLANG_CXX_LIBRARY = "libc++";
				CLANG_ENABLE_MODULES = YES;
				CLANG_ENABLE_OBJC_ARC = YES;
				CLANG_WARN_BOOL_CONVERSION = YES;
				CLANG_WARN_CONSTANT_CONVERSION = YES;
				CLANG_WARN_DIRECT_OBJC_ISA_USAGE = YES_ERROR;
				CLANG_WARN_DOCUMENTATION_COMMENTS = YES;
				CLANG_WARN_EMPTY_BODY = YES;
				CLANG_WARN_ENUM_CONVERSION = YES;
				CLANG_WARN_INFINITE_RECURSION = YES;
				CLANG_WARN_INT_CONVERSION = YES;
				CLANG_WARN_OBJC_ROOT_CLASS = YES_ERROR;
				CLANG_WARN_SUSPICIOUS_MOVE = YES;
				CLANG_WARN_UNREACHABLE_CODE = YES;
				CLANG_WARN__DUPLICATE_METHOD_MATCH = YES;
				CODE_SIGN_IDENTITY = "-";
				COPY_PHASE_STRIP = NO;
				DEBUG_INFORMATION_FORMAT = dwarf;
				ENABLE_STRICT_OBJC_MSGSEND = YES;
				ENABLE_TESTABILITY = YES;
				GCC_C_LANGUAGE_STANDARD = gnu99;
				GCC_DYNAMIC_NO_PIC = NO;
				GCC_NO_COMMON_BLOCKS = YES;
				GCC_OPTIMIZATION_LEVEL = 0;
				GCC_PREPROCESSOR_DEFINITIONS = (
					"DEBUG=1",
					"$(inherited)",
				);
				GCC_WARN_64_TO_32_BIT_CONVERSION = YES;
				GCC_WARN_ABOUT_RETURN_TYPE = YES_ERROR;
				GCC_WARN_UNDECLARED_SELECTOR = YES;
				GCC_WARN_UNINITIALIZED_AUTOS = YES_AGGRESSIVE;
				GCC_WARN_UNUSED_FUNCTION = YES;
				GCC_WARN_UNUSED_VARIABLE = YES;
				MACOSX_DEPLOYMENT_TARGET = 10.12;
				MTL_ENABLE_DEBUG_INFO = YES;
				ONLY_ACTIVE_ARCH = YES;
				SDKROOT = macosx;
				SWIFT_ACTIVE_COMPILATION_CONDITIONS = DEBUG;
				SWIFT_OPTIMIZATION_LEVEL = "-Onone";
			};
			name = Debug;
		};
		05DB71741E1EBD3C00781665 /* Release */ = {
			isa = XCBuildConfiguration;
			buildSettings = {
				ALWAYS_SEARCH_USER_PATHS = NO;
				CLANG_ANALYZER_NONNULL = YES;
				CLANG_CXX_LANGUAGE_STANDARD = "gnu++0x";
				CLANG_CXX_LIBRARY = "libc++";
				CLANG_ENABLE_MODULES = YES;
				CLANG_ENABLE_OBJC_ARC = YES;
				CLANG_WARN_BOOL_CONVERSION = YES;
				CLANG_WARN_CONSTANT_CONVERSION = YES;
				CLANG_WARN_DIRECT_OBJC_ISA_USAGE = YES_ERROR;
				CLANG_WARN_DOCUMENTATION_COMMENTS = YES;
				CLANG_WARN_EMPTY_BODY = YES;
				CLANG_WARN_ENUM_CONVERSION = YES;
				CLANG_WARN_INFINITE_RECURSION = YES;
				CLANG_WARN_INT_CONVERSION = YES;
				CLANG_WARN_OBJC_ROOT_CLASS = YES_ERROR;
				CLANG_WARN_SUSPICIOUS_MOVE = YES;
				CLANG_WARN_UNREACHABLE_CODE = YES;
				CLANG_WARN__DUPLICATE_METHOD_MATCH = YES;
				CODE_SIGN_IDENTITY = "-";
				COPY_PHASE_STRIP = NO;
				DEBUG_INFORMATION_FORMAT = "dwarf-with-dsym";
				ENABLE_NS_ASSERTIONS = NO;
				ENABLE_STRICT_OBJC_MSGSEND = YES;
				GCC_C_LANGUAGE_STANDARD = gnu99;
				GCC_NO_COMMON_BLOCKS = YES;
				GCC_WARN_64_TO_32_BIT_CONVERSION = YES;
				GCC_WARN_ABOUT_RETURN_TYPE = YES_ERROR;
				GCC_WARN_UNDECLARED_SELECTOR = YES;
				GCC_WARN_UNINITIALIZED_AUTOS = YES_AGGRESSIVE;
				GCC_WARN_UNUSED_FUNCTION = YES;
				GCC_WARN_UNUSED_VARIABLE = YES;
				MACOSX_DEPLOYMENT_TARGET = 10.12;
				MTL_ENABLE_DEBUG_INFO = NO;
				SDKROOT = macosx;
				SWIFT_OPTIMIZATION_LEVEL = "-Owholemodule";
			};
			name = Release;
		};
		05DB71761E1EBD3C00781665 /* Debug */ = {
			isa = XCBuildConfiguration;
			buildSettings = {
				ASSETCATALOG_COMPILER_APPICON_NAME = AppIcon;
				COMBINE_HIDPI_IMAGES = YES;
				INFOPLIST_FILE = CustomSegueExample/Info.plist;
				LD_RUNPATH_SEARCH_PATHS = "$(inherited) @executable_path/../Frameworks";
				PRODUCT_BUNDLE_IDENTIFIER = Bong.CustomSegueExample;
				PRODUCT_NAME = "$(TARGET_NAME)";
				SWIFT_VERSION = 3.0;
			};
			name = Debug;
		};
		05DB71771E1EBD3C00781665 /* Release */ = {
			isa = XCBuildConfiguration;
			buildSettings = {
				ASSETCATALOG_COMPILER_APPICON_NAME = AppIcon;
				COMBINE_HIDPI_IMAGES = YES;
				INFOPLIST_FILE = CustomSegueExample/Info.plist;
				LD_RUNPATH_SEARCH_PATHS = "$(inherited) @executable_path/../Frameworks";
				PRODUCT_BUNDLE_IDENTIFIER = Bong.CustomSegueExample;
				PRODUCT_NAME = "$(TARGET_NAME)";
				SWIFT_VERSION = 3.0;
			};
			name = Release;
		};
		05DB71791E1EBD3C00781665 /* Debug */ = {
			isa = XCBuildConfiguration;
			buildSettings = {
				ALWAYS_EMBED_SWIFT_STANDARD_LIBRARIES = YES;
				BUNDLE_LOADER = "$(TEST_HOST)";
				COMBINE_HIDPI_IMAGES = YES;
				INFOPLIST_FILE = CustomSegueExampleTests/Info.plist;
				LD_RUNPATH_SEARCH_PATHS = "$(inherited) @executable_path/../Frameworks @loader_path/../Frameworks";
				PRODUCT_BUNDLE_IDENTIFIER = Bong.CustomSegueExampleTests;
				PRODUCT_NAME = "$(TARGET_NAME)";
				SWIFT_VERSION = 3.0;
				TEST_HOST = "$(BUILT_PRODUCTS_DIR)/CustomSegueExample.app/Contents/MacOS/CustomSegueExample";
			};
			name = Debug;
		};
		05DB717A1E1EBD3C00781665 /* Release */ = {
			isa = XCBuildConfiguration;
			buildSettings = {
				ALWAYS_EMBED_SWIFT_STANDARD_LIBRARIES = YES;
				BUNDLE_LOADER = "$(TEST_HOST)";
				COMBINE_HIDPI_IMAGES = YES;
				INFOPLIST_FILE = CustomSegueExampleTests/Info.plist;
				LD_RUNPATH_SEARCH_PATHS = "$(inherited) @executable_path/../Frameworks @loader_path/../Frameworks";
				PRODUCT_BUNDLE_IDENTIFIER = Bong.CustomSegueExampleTests;
				PRODUCT_NAME = "$(TARGET_NAME)";
				SWIFT_VERSION = 3.0;
				TEST_HOST = "$(BUILT_PRODUCTS_DIR)/CustomSegueExample.app/Contents/MacOS/CustomSegueExample";
			};
			name = Release;
		};
		05DB717C1E1EBD3C00781665 /* Debug */ = {
			isa = XCBuildConfiguration;
			buildSettings = {
				ALWAYS_EMBED_SWIFT_STANDARD_LIBRARIES = YES;
				COMBINE_HIDPI_IMAGES = YES;
				INFOPLIST_FILE = CustomSegueExampleUITests/Info.plist;
				LD_RUNPATH_SEARCH_PATHS = "$(inherited) @executable_path/../Frameworks @loader_path/../Frameworks";
				PRODUCT_BUNDLE_IDENTIFIER = Bong.CustomSegueExampleUITests;
				PRODUCT_NAME = "$(TARGET_NAME)";
				SWIFT_VERSION = 3.0;
				TEST_TARGET_NAME = CustomSegueExample;
			};
			name = Debug;
		};
		05DB717D1E1EBD3C00781665 /* Release */ = {
			isa = XCBuildConfiguration;
			buildSettings = {
				ALWAYS_EMBED_SWIFT_STANDARD_LIBRARIES = YES;
				COMBINE_HIDPI_IMAGES = YES;
				INFOPLIST_FILE = CustomSegueExampleUITests/Info.plist;
				LD_RUNPATH_SEARCH_PATHS = "$(inherited) @executable_path/../Frameworks @loader_path/../Frameworks";
				PRODUCT_BUNDLE_IDENTIFIER = Bong.CustomSegueExampleUITests;
				PRODUCT_NAME = "$(TARGET_NAME)";
				SWIFT_VERSION = 3.0;
				TEST_TARGET_NAME = CustomSegueExample;
			};
			name = Release;
		};
/* End XCBuildConfiguration section */

/* Begin XCConfigurationList section */
		05DB714B1E1EBD3C00781665 /* Build configuration list for PBXProject "CustomSegueExample" */ = {
			isa = XCConfigurationList;
			buildConfigurations = (
				05DB71731E1EBD3C00781665 /* Debug */,
				05DB71741E1EBD3C00781665 /* Release */,
			);
			defaultConfigurationIsVisible = 0;
			defaultConfigurationName = Release;
		};
		05DB71751E1EBD3C00781665 /* Build configuration list for PBXNativeTarget "CustomSegueExample" */ = {
			isa = XCConfigurationList;
			buildConfigurations = (
				05DB71761E1EBD3C00781665 /* Debug */,
				05DB71771E1EBD3C00781665 /* Release */,
			);
			defaultConfigurationIsVisible = 0;
			defaultConfigurationName = Release;
		};
		05DB71781E1EBD3C00781665 /* Build configuration list for PBXNativeTarget "CustomSegueExampleTests" */ = {
			isa = XCConfigurationList;
			buildConfigurations = (
				05DB71791E1EBD3C00781665 /* Debug */,
				05DB717A1E1EBD3C00781665 /* Release */,
			);
			defaultConfigurationIsVisible = 0;
			defaultConfigurationName = Release;
		};
		05DB717B1E1EBD3C00781665 /* Build configuration list for PBXNativeTarget "CustomSegueExampleUITests" */ = {
			isa = XCConfigurationList;
			buildConfigurations = (
				05DB717C1E1EBD3C00781665 /* Debug */,
				05DB717D1E1EBD3C00781665 /* Release */,
			);
			defaultConfigurationIsVisible = 0;
			defaultConfigurationName = Release;
		};
/* End XCConfigurationList section */
	};
	rootObject = 05DB71481E1EBD3C00781665 /* Project object */;
}
